
Microsoft Visual Studio Solution File, Format Version 12.00
# Visual Studio Version 16
VisualStudioVersion = 16.0.29102.190
MinimumVisualStudioVersion = 10.0.40219.1
Project("{FAE04EC0-301F-11D3-BF4B-00C04F79EFBC}") = "LoadSplitter", "LoadSplitter\LoadSplitter.csproj", "{29DC5C13-AC97-4E46-8679-D0C0621A9891}"
EndProject
Global
	GlobalSection(SolutionConfigurationPlatforms) = preSolution
		Debug|Any CPU = Debug|Any CPU
		Release|Any CPU = Release|Any CPU
	EndGlobalSection
	GlobalSection(ProjectConfigurationPlatforms) = postSolution
		{29DC5C13-AC97-4E46-8679-D0C0621A9891}.Debug|Any CPU.ActiveCfg = Debug|Any CPU
		{29DC5C13-AC97-4E46-8679-D0C0621A9891}.Debug|Any CPU.Build.0 = Debug|Any CPU
		{29DC5C13-AC97-4E46-8679-D0C0621A9891}.Release|Any CPU.ActiveCfg = Release|Any CPU
		{29DC5C13-AC97-4E46-8679-D0C0621A9891}.Release|Any CPU.Build.0 = Release|Any CPU
	EndGlobalSection
	GlobalSection(SolutionProperties) = preSolution
		HideSolutionNode = FALSE
	EndGlobalSection
	GlobalSection(ExtensibilityGlobals) = postSolution
		SolutionGuid = {0AE8333D-5679-43FA-879C-25B1B2AF8BED}
	EndGlobalSection
EndGlobal
